{
    "_readme": [
        "This file locks the dependencies of your project to a known state",
        "Read more about it at https://getcomposer.org/doc/01-basic-usage.md#installing-dependencies",
        "This file is @generated automatically"
    ],
    "content-hash": "1d965405aae53fcd183dbce4b632c131",
    "packages": [
        {
            "name": "estebanforge/hyperfields",
            "version": "1.0.0",
            "source": {
                "type": "git",
                "url": "https://github.com/EstebanForge/HyperFields.git",
                "reference": "7eb46269f923d44f1073cd03efdc119666dbc50c"
            },
            "dist": {
                "type": "zip",
                "url": "https://api.github.com/repos/EstebanForge/HyperFields/zipball/7eb46269f923d44f1073cd03efdc119666dbc50c",
                "reference": "7eb46269f923d44f1073cd03efdc119666dbc50c",
                "shasum": ""
            },
            "require": {
                "php": ">=8.1"
            },
            "require-dev": {
                "10up/wp_mock": "^0.4.2",
                "pestphp/pest": "*"
            },
            "type": "wordpress-plugin",
            "autoload": {
                "files": [
                    "includes/helpers.php",
                    "includes/backward-compatibility.php",
                    "bootstrap.php"
                ],
                "psr-4": {
                    "HyperFields\\": "src/"
                }
            },
            "notification-url": "https://packagist.org/downloads/",
            "license": [
                "GPL-2.0-or-later"
            ],
            "authors": [
                {
                    "name": "Esteban Cuevas",
                    "email": "esteban@actitud.xyz"
                }
            ],
            "description": "HyperFields: A powerful custom field system for WordPress, providing metaboxes, options pages, and conditional logic.",
            "support": {
                "issues": "https://github.com/EstebanForge/HyperFields/issues",
                "source": "https://github.com/EstebanForge/HyperFields/tree/1.0.0"
            },
            "time": "2025-09-28T01:33:59+00:00"
        },
        {
            "name": "starfederation/datastar-php",
            "version": "1.0.0-RC.4",
            "source": {
                "type": "git",
                "url": "https://github.com/starfederation/datastar-php.git",
                "reference": "919c57674bc19e4523eb56926844ad16829f4eee"
            },
            "dist": {
                "type": "zip",
                "url": "https://api.github.com/repos/starfederation/datastar-php/zipball/919c57674bc19e4523eb56926844ad16829f4eee",
                "reference": "919c57674bc19e4523eb56926844ad16829f4eee",
                "shasum": ""
            },
            "require": {
                "php": ">=8.1"
            },
            "require-dev": {
                "craftcms/ecs": "dev-main",
                "craftcms/phpstan": "dev-main",
                "pestphp/pest": "^3.5"
            },
            "type": "library",
            "autoload": {
                "psr-4": {
                    "starfederation\\datastar\\": "src/"
                }
            },
            "notification-url": "https://packagist.org/downloads/",
            "license": [
                "mit"
            ],
            "authors": [
                {
                    "name": "Ben Croker",
                    "homepage": "https://putyourlightson.com/",
                    "role": "Author"
                }
            ],
            "description": "A PHP SDK for working with Datastar.",
            "support": {
                "docs": "https://github.com/starfederation/datastar-php",
                "issues": "https://github.com/starfederation/datastar-php/issues",
                "source": "https://github.com/starfederation/datastar-php"
            },
            "time": "2025-09-02T19:38:52+00:00"
        }
    ],
    "packages-dev": [],
    "aliases": [],
    "minimum-stability": "RC",
    "stability-flags": {},
    "prefer-stable": true,
    "prefer-lowest": false,
    "platform": {
        "php": ">=8.1"
    },
    "platform-dev": {},
    "plugin-api-version": "2.9.0"
}
